
Microsoft Visual Studio Solution File, Format Version 12.00
# Visual Studio Version 17
VisualStudioVersion = 17.9.34728.123
MinimumVisualStudioVersion = 10.0.40219.1
Project("{FAE04EC0-301F-11D3-BF4B-00C04F79EFBC}") = "GerenciamentoDeBateria", "GerenciamentoDeBateria\GerenciamentoDeBateria.csproj", "{A5E98EB5-C1B8-4001-8564-4F2BF8DEE925}"
EndProject
Global
	GlobalSection(SolutionConfigurationPlatforms) = preSolution
		Debug|Any CPU = Debug|Any CPU
		Release|Any CPU = Release|Any CPU
	EndGlobalSection
	GlobalSection(ProjectConfigurationPlatforms) = postSolution
		{A5E98EB5-C1B8-4001-8564-4F2BF8DEE925}.Debug|Any CPU.ActiveCfg = Debug|Any CPU
		{A5E98EB5-C1B8-4001-8564-4F2BF8DEE925}.Debug|Any CPU.Build.0 = Debug|Any CPU
		{A5E98EB5-C1B8-4001-8564-4F2BF8DEE925}.Release|Any CPU.ActiveCfg = Release|Any CPU
		{A5E98EB5-C1B8-4001-8564-4F2BF8DEE925}.Release|Any CPU.Build.0 = Release|Any CPU
	EndGlobalSection
	GlobalSection(SolutionProperties) = preSolution
		HideSolutionNode = FALSE
	EndGlobalSection
	GlobalSection(ExtensibilityGlobals) = postSolution
		SolutionGuid = {046AEDBE-609C-403B-B485-6B302AC23940}
	EndGlobalSection
EndGlobal
